// !$*UTF8*$!
{
	archiveVersion = 1;
	classes = {
	};
	objectVersion = 55;
	objects = {

/* Begin PBXBuildFile section */
		1A642BE227C126F000151F85 /* AppDelegate.swift in Sources */ = {isa = PBXBuildFile; fileRef = 1A642BE127C126F000151F85 /* AppDelegate.swift */; };
		1A642BE627C126F000151F85 /* CardViewController.swift in Sources */ = {isa = PBXBuildFile; fileRef = 1A642BE527C126F000151F85 /* CardViewController.swift */; };
		1A642BE927C126F000151F85 /* Main.storyboard in Resources */ = {isa = PBXBuildFile; fileRef = 1A642BE727C126F000151F85 /* Main.storyboard */; };
		1A642BEB27C126F600151F85 /* Assets.xcassets in Resources */ = {isa = PBXBuildFile; fileRef = 1A642BEA27C126F600151F85 /* Assets.xcassets */; };
		1A642BEE27C126F600151F85 /* LaunchScreen.storyboard in Resources */ = {isa = PBXBuildFile; fileRef = 1A642BEC27C126F600151F85 /* LaunchScreen.storyboard */; };
		1A642BF827C277A700151F85 /* MyVerticalCardSwiper.swift in Sources */ = {isa = PBXBuildFile; fileRef = 1A642BF627C277A700151F85 /* MyVerticalCardSwiper.swift */; };
		1A642BF927C277A700151F85 /* MyVerticalCardSwiper.xib in Resources */ = {isa = PBXBuildFile; fileRef = 1A642BF727C277A700151F85 /* MyVerticalCardSwiper.xib */; };
		1A642BFC27C27C2900151F85 /* Constants.swift in Sources */ = {isa = PBXBuildFile; fileRef = 1A642BFB27C27C2900151F85 /* Constants.swift */; };
		1A642BFE27C2808B00151F85 /* DetailCardViewController.swift in Sources */ = {isa = PBXBuildFile; fileRef = 1A642BFD27C2808B00151F85 /* DetailCardViewController.swift */; };
		1A642C0027C280B300151F85 /* DetailScrollView.swift in Sources */ = {isa = PBXBuildFile; fileRef = 1A642BFF27C280B300151F85 /* DetailScrollView.swift */; };
		1A642C0227C2812B00151F85 /* PopAnimator.swift in Sources */ = {isa = PBXBuildFile; fileRef = 1A642C0127C2812B00151F85 /* PopAnimator.swift */; };
		1A642C0527C282A700151F85 /* CustomPresentationController.swift in Sources */ = {isa = PBXBuildFile; fileRef = 1A642C0427C282A700151F85 /* CustomPresentationController.swift */; };
		1A6FDB3427CBAB5500C00155 /* PlacesData.swift in Sources */ = {isa = PBXBuildFile; fileRef = 1A6FDB3327CBAB5500C00155 /* PlacesData.swift */; };
		1A6FDB3627CE1B5600C00155 /* ImageCacheManager.swift in Sources */ = {isa = PBXBuildFile; fileRef = 1A6FDB3527CE1B5600C00155 /* ImageCacheManager.swift */; };
		3EBD96A53CA0ABBE1FB17429 /* Pods_Fooder.framework in Frameworks */ = {isa = PBXBuildFile; fileRef = B1EA9EB80CE4B48C4D6F808E /* Pods_Fooder.framework */; };
/* End PBXBuildFile section */

/* Begin PBXFileReference section */
		1A642BDE27C126F000151F85 /* Fooder.app */ = {isa = PBXFileReference; explicitFileType = wrapper.application; includeInIndex = 0; path = Fooder.app; sourceTree = BUILT_PRODUCTS_DIR; };
		1A642BE127C126F000151F85 /* AppDelegate.swift */ = {isa = PBXFileReference; lastKnownFileType = sourcecode.swift; path = AppDelegate.swift; sourceTree = "<group>"; };
		1A642BE527C126F000151F85 /* CardViewController.swift */ = {isa = PBXFileReference; lastKnownFileType = sourcecode.swift; path = CardViewController.swift; sourceTree = "<group>"; };
		1A642BE827C126F000151F85 /* Base */ = {isa = PBXFileReference; lastKnownFileType = file.storyboard; name = Base; path = Base.lproj/Main.storyboard; sourceTree = "<group>"; };
		1A642BEA27C126F600151F85 /* Assets.xcassets */ = {isa = PBXFileReference; lastKnownFileType = folder.assetcatalog; path = Assets.xcassets; sourceTree = "<group>"; };
		1A642BED27C126F600151F85 /* Base */ = {isa = PBXFileReference; lastKnownFileType = file.storyboard; name = Base; path = Base.lproj/LaunchScreen.storyboard; sourceTree = "<group>"; };
		1A642BEF27C126F600151F85 /* Info.plist */ = {isa = PBXFileReference; lastKnownFileType = text.plist.xml; path = Info.plist; sourceTree = "<group>"; };
		1A642BF627C277A700151F85 /* MyVerticalCardSwiper.swift */ = {isa = PBXFileReference; lastKnownFileType = sourcecode.swift; path = MyVerticalCardSwiper.swift; sourceTree = "<group>"; };
		1A642BF727C277A700151F85 /* MyVerticalCardSwiper.xib */ = {isa = PBXFileReference; lastKnownFileType = file.xib; path = MyVerticalCardSwiper.xib; sourceTree = "<group>"; };
		1A642BFB27C27C2900151F85 /* Constants.swift */ = {isa = PBXFileReference; lastKnownFileType = sourcecode.swift; path = Constants.swift; sourceTree = "<group>"; };
		1A642BFD27C2808B00151F85 /* DetailCardViewController.swift */ = {isa = PBXFileReference; lastKnownFileType = sourcecode.swift; path = DetailCardViewController.swift; sourceTree = "<group>"; };
		1A642BFF27C280B300151F85 /* DetailScrollView.swift */ = {isa = PBXFileReference; lastKnownFileType = sourcecode.swift; path = DetailScrollView.swift; sourceTree = "<group>"; };
		1A642C0127C2812B00151F85 /* PopAnimator.swift */ = {isa = PBXFileReference; lastKnownFileType = sourcecode.swift; path = PopAnimator.swift; sourceTree = "<group>"; };
		1A642C0427C282A700151F85 /* CustomPresentationController.swift */ = {isa = PBXFileReference; fileEncoding = 4; lastKnownFileType = sourcecode.swift; path = CustomPresentationController.swift; sourceTree = "<group>"; };
		1A6FDB3327CBAB5500C00155 /* PlacesData.swift */ = {isa = PBXFileReference; lastKnownFileType = sourcecode.swift; path = PlacesData.swift; sourceTree = "<group>"; };
		1A6FDB3527CE1B5600C00155 /* ImageCacheManager.swift */ = {isa = PBXFileReference; lastKnownFileType = sourcecode.swift; path = ImageCacheManager.swift; sourceTree = "<group>"; };
		7D298F39BC028C6446FC8C18 /* Pods-Fooder.debug.xcconfig */ = {isa = PBXFileReference; includeInIndex = 1; lastKnownFileType = text.xcconfig; name = "Pods-Fooder.debug.xcconfig"; path = "Target Support Files/Pods-Fooder/Pods-Fooder.debug.xcconfig"; sourceTree = "<group>"; };
		B1EA9EB80CE4B48C4D6F808E /* Pods_Fooder.framework */ = {isa = PBXFileReference; explicitFileType = wrapper.framework; includeInIndex = 0; path = Pods_Fooder.framework; sourceTree = BUILT_PRODUCTS_DIR; };
		BBA8871A0A4F7F46B94BD68A /* Pods-Fooder.release.xcconfig */ = {isa = PBXFileReference; includeInIndex = 1; lastKnownFileType = text.xcconfig; name = "Pods-Fooder.release.xcconfig"; path = "Target Support Files/Pods-Fooder/Pods-Fooder.release.xcconfig"; sourceTree = "<group>"; };
/* End PBXFileReference section */

/* Begin PBXFrameworksBuildPhase section */
		1A642BDB27C126F000151F85 /* Frameworks */ = {
			isa = PBXFrameworksBuildPhase;
			buildActionMask = 2147483647;
			files = (
				3EBD96A53CA0ABBE1FB17429 /* Pods_Fooder.framework in Frameworks */,
			);
			runOnlyForDeploymentPostprocessing = 0;
		};
/* End PBXFrameworksBuildPhase section */

/* Begin PBXGroup section */
		1A642BD527C126F000151F85 = {
			isa = PBXGroup;
			children = (
				1A642BE027C126F000151F85 /* Fooder */,
				1A642BDF27C126F000151F85 /* Products */,
				E84E75442F6A9BE4B43B219F /* Pods */,
				AA11D5DEE52056F86DE74AF3 /* Frameworks */,
			);
			sourceTree = "<group>";
		};
		1A642BDF27C126F000151F85 /* Products */ = {
			isa = PBXGroup;
			children = (
				1A642BDE27C126F000151F85 /* Fooder.app */,
			);
			name = Products;
			sourceTree = "<group>";
		};
		1A642BE027C126F000151F85 /* Fooder */ = {
			isa = PBXGroup;
			children = (
				1A642BE127C126F000151F85 /* AppDelegate.swift */,
				1A642C0327C2813E00151F85 /* Model */,
				1A642BFA27C277AD00151F85 /* View */,
				1A642BF527C26BE600151F85 /* Controller */,
				1A642BEA27C126F600151F85 /* Assets.xcassets */,
				1A642BEC27C126F600151F85 /* LaunchScreen.storyboard */,
				1A642BEF27C126F600151F85 /* Info.plist */,
				1A642BFB27C27C2900151F85 /* Constants.swift */,
			);
			path = Fooder;
			sourceTree = "<group>";
		};
		1A642BF527C26BE600151F85 /* Controller */ = {
			isa = PBXGroup;
			children = (
				1A642BE527C126F000151F85 /* CardViewController.swift */,
				1A642C0427C282A700151F85 /* CustomPresentationController.swift */,
				1A642BFD27C2808B00151F85 /* DetailCardViewController.swift */,
			);
			path = Controller;
			sourceTree = "<group>";
		};
		1A642BFA27C277AD00151F85 /* View */ = {
			isa = PBXGroup;
			children = (
				1A642BE727C126F000151F85 /* Main.storyboard */,
				1A642BF627C277A700151F85 /* MyVerticalCardSwiper.swift */,
				1A642BF727C277A700151F85 /* MyVerticalCardSwiper.xib */,
				1A642BFF27C280B300151F85 /* DetailScrollView.swift */,
			);
			path = View;
			sourceTree = "<group>";
		};
		1A642C0327C2813E00151F85 /* Model */ = {
			isa = PBXGroup;
			children = (
				1A642C0127C2812B00151F85 /* PopAnimator.swift */,
				1A6FDB3327CBAB5500C00155 /* PlacesData.swift */,
				1A6FDB3527CE1B5600C00155 /* ImageCacheManager.swift */,
			);
			path = Model;
			sourceTree = "<group>";
		};
		AA11D5DEE52056F86DE74AF3 /* Frameworks */ = {
			isa = PBXGroup;
			children = (
				B1EA9EB80CE4B48C4D6F808E /* Pods_Fooder.framework */,
			);
			name = Frameworks;
			sourceTree = "<group>";
		};
		E84E75442F6A9BE4B43B219F /* Pods */ = {
			isa = PBXGroup;
			children = (
				7D298F39BC028C6446FC8C18 /* Pods-Fooder.debug.xcconfig */,
				BBA8871A0A4F7F46B94BD68A /* Pods-Fooder.release.xcconfig */,
			);
			path = Pods;
			sourceTree = "<group>";
		};
/* End PBXGroup section */

/* Begin PBXNativeTarget section */
		1A642BDD27C126F000151F85 /* Fooder */ = {
			isa = PBXNativeTarget;
			buildConfigurationList = 1A642BF227C126F600151F85 /* Build configuration list for PBXNativeTarget "Fooder" */;
			buildPhases = (
				92AE20E4480CDF640F4FF191 /* [CP] Check Pods Manifest.lock */,
				1A642BDA27C126F000151F85 /* Sources */,
				1A642BDB27C126F000151F85 /* Frameworks */,
				1A642BDC27C126F000151F85 /* Resources */,
				DF9B66F4908813B0ACE02FF7 /* [CP] Embed Pods Frameworks */,
				441217BBA5841D7BF205207A /* [CP] Copy Pods Resources */,
			);
			buildRules = (
			);
			dependencies = (
			);
			name = Fooder;
			productName = Fooder;
			productReference = 1A642BDE27C126F000151F85 /* Fooder.app */;
			productType = "com.apple.product-type.application";
		};
/* End PBXNativeTarget section */

/* Begin PBXProject section */
		1A642BD627C126F000151F85 /* Project object */ = {
			isa = PBXProject;
			attributes = {
				BuildIndependentTargetsInParallel = 1;
				LastSwiftUpdateCheck = 1300;
				LastUpgradeCheck = 1300;
				TargetAttributes = {
					1A642BDD27C126F000151F85 = {
						CreatedOnToolsVersion = 13.0;
					};
				};
			};
			buildConfigurationList = 1A642BD927C126F000151F85 /* Build configuration list for PBXProject "Fooder" */;
			compatibilityVersion = "Xcode 13.0";
			developmentRegion = en;
			hasScannedForEncodings = 0;
			knownRegions = (
				en,
				Base,
			);
			mainGroup = 1A642BD527C126F000151F85;
			productRefGroup = 1A642BDF27C126F000151F85 /* Products */;
			projectDirPath = "";
			projectRoot = "";
			targets = (
				1A642BDD27C126F000151F85 /* Fooder */,
			);
		};
/* End PBXProject section */

/* Begin PBXResourcesBuildPhase section */
		1A642BDC27C126F000151F85 /* Resources */ = {
			isa = PBXResourcesBuildPhase;
			buildActionMask = 2147483647;
			files = (
				1A642BEE27C126F600151F85 /* LaunchScreen.storyboard in Resources */,
				1A642BF927C277A700151F85 /* MyVerticalCardSwiper.xib in Resources */,
				1A642BEB27C126F600151F85 /* Assets.xcassets in Resources */,
				1A642BE927C126F000151F85 /* Main.storyboard in Resources */,
			);
			runOnlyForDeploymentPostprocessing = 0;
		};
/* End PBXResourcesBuildPhase section */

/* Begin PBXShellScriptBuildPhase section */
		441217BBA5841D7BF205207A /* [CP] Copy Pods Resources */ = {
			isa = PBXShellScriptBuildPhase;
			buildActionMask = 2147483647;
			files = (
			);
			inputFileListPaths = (
				"${PODS_ROOT}/Target Support Files/Pods-Fooder/Pods-Fooder-resources-${CONFIGURATION}-input-files.xcfilelist",
			);
			name = "[CP] Copy Pods Resources";
			outputFileListPaths = (
				"${PODS_ROOT}/Target Support Files/Pods-Fooder/Pods-Fooder-resources-${CONFIGURATION}-output-files.xcfilelist",
			);
			runOnlyForDeploymentPostprocessing = 0;
			shellPath = /bin/sh;
			shellScript = "\"${PODS_ROOT}/Target Support Files/Pods-Fooder/Pods-Fooder-resources.sh\"\n";
			showEnvVarsInLog = 0;
		};
		92AE20E4480CDF640F4FF191 /* [CP] Check Pods Manifest.lock */ = {
			isa = PBXShellScriptBuildPhase;
			buildActionMask = 2147483647;
			files = (
			);
			inputFileListPaths = (
			);
			inputPaths = (
				"${PODS_PODFILE_DIR_PATH}/Podfile.lock",
				"${PODS_ROOT}/Manifest.lock",
			);
			name = "[CP] Check Pods Manifest.lock";
			outputFileListPaths = (
			);
			outputPaths = (
				"$(DERIVED_FILE_DIR)/Pods-Fooder-checkManifestLockResult.txt",
			);
			runOnlyForDeploymentPostprocessing = 0;
			shellPath = /bin/sh;
			shellScript = "diff \"${PODS_PODFILE_DIR_PATH}/Podfile.lock\" \"${PODS_ROOT}/Manifest.lock\" > /dev/null\nif [ $? != 0 ] ; then\n    # print error to STDERR\n    echo \"error: The sandbox is not in sync with the Podfile.lock. Run 'pod install' or update your CocoaPods installation.\" >&2\n    exit 1\nfi\n# This output is used by Xcode 'outputs' to avoid re-running this script phase.\necho \"SUCCESS\" > \"${SCRIPT_OUTPUT_FILE_0}\"\n";
			showEnvVarsInLog = 0;
		};
		DF9B66F4908813B0ACE02FF7 /* [CP] Embed Pods Frameworks */ = {
			isa = PBXShellScriptBuildPhase;
			buildActionMask = 2147483647;
			files = (
			);
			inputFileListPaths = (
				"${PODS_ROOT}/Target Support Files/Pods-Fooder/Pods-Fooder-frameworks-${CONFIGURATION}-input-files.xcfilelist",
			);
			name = "[CP] Embed Pods Frameworks";
			outputFileListPaths = (
				"${PODS_ROOT}/Target Support Files/Pods-Fooder/Pods-Fooder-frameworks-${CONFIGURATION}-output-files.xcfilelist",
			);
			runOnlyForDeploymentPostprocessing = 0;
			shellPath = /bin/sh;
			shellScript = "\"${PODS_ROOT}/Target Support Files/Pods-Fooder/Pods-Fooder-frameworks.sh\"\n";
			showEnvVarsInLog = 0;
		};
/* End PBXShellScriptBuildPhase section */

/* Begin PBXSourcesBuildPhase section */
		1A642BDA27C126F000151F85 /* Sources */ = {
			isa = PBXSourcesBuildPhase;
			buildActionMask = 2147483647;
			files = (
				1A6FDB3427CBAB5500C00155 /* PlacesData.swift in Sources */,
				1A642C0527C282A700151F85 /* CustomPresentationController.swift in Sources */,
				1A6FDB3627CE1B5600C00155 /* ImageCacheManager.swift in Sources */,
				1A642C0227C2812B00151F85 /* PopAnimator.swift in Sources */,
				1A642BF827C277A700151F85 /* MyVerticalCardSwiper.swift in Sources */,
				1A642BFE27C2808B00151F85 /* DetailCardViewController.swift in Sources */,
				1A642C0027C280B300151F85 /* DetailScrollView.swift in Sources */,
				1A642BE627C126F000151F85 /* CardViewController.swift in Sources */,
				1A642BE227C126F000151F85 /* AppDelegate.swift in Sources */,
				1A642BFC27C27C2900151F85 /* Constants.swift in Sources */,
			);
			runOnlyForDeploymentPostprocessing = 0;
		};
/* End PBXSourcesBuildPhase section */

/* Begin PBXVariantGroup section */
		1A642BE727C126F000151F85 /* Main.storyboard */ = {
			isa = PBXVariantGroup;
			children = (
				1A642BE827C126F000151F85 /* Base */,
			);
			name = Main.storyboard;
			sourceTree = "<group>";
		};
		1A642BEC27C126F600151F85 /* LaunchScreen.storyboard */ = {
			isa = PBXVariantGroup;
			children = (
				1A642BED27C126F600151F85 /* Base */,
			);
			name = LaunchScreen.storyboard;
			sourceTree = "<group>";
		};
/* End PBXVariantGroup section */

/* Begin XCBuildConfiguration section */
		1A642BF027C126F600151F85 /* Debug */ = {
			isa = XCBuildConfiguration;
			buildSettings = {
				ALWAYS_SEARCH_USER_PATHS = NO;
				CLANG_ANALYZER_NONNULL = YES;
				CLANG_ANALYZER_NUMBER_OBJECT_CONVERSION = YES_AGGRESSIVE;
				CLANG_CXX_LANGUAGE_STANDARD = "gnu++17";
				CLANG_CXX_LIBRARY = "libc++";
				CLANG_ENABLE_MODULES = YES;
				CLANG_ENABLE_OBJC_ARC = YES;
				CLANG_ENABLE_OBJC_WEAK = YES;
				CLANG_WARN_BLOCK_CAPTURE_AUTORELEASING = YES;
				CLANG_WARN_BOOL_CONVERSION = YES;
				CLANG_WARN_COMMA = YES;
				CLANG_WARN_CONSTANT_CONVERSION = YES;
				CLANG_WARN_DEPRECATED_OBJC_IMPLEMENTATIONS = YES;
				CLANG_WARN_DIRECT_OBJC_ISA_USAGE = YES_ERROR;
				CLANG_WARN_DOCUMENTATION_COMMENTS = YES;
				CLANG_WARN_EMPTY_BODY = YES;
				CLANG_WARN_ENUM_CONVERSION = YES;
				CLANG_WARN_INFINITE_RECURSION = YES;
				CLANG_WARN_INT_CONVERSION = YES;
				CLANG_WARN_NON_LITERAL_NULL_CONVERSION = YES;
				CLANG_WARN_OBJC_IMPLICIT_RETAIN_SELF = YES;
				CLANG_WARN_OBJC_LITERAL_CONVERSION = YES;
				CLANG_WARN_OBJC_ROOT_CLASS = YES_ERROR;
				CLANG_WARN_QUOTED_INCLUDE_IN_FRAMEWORK_HEADER = YES;
				CLANG_WARN_RANGE_LOOP_ANALYSIS = YES;
				CLANG_WARN_STRICT_PROTOTYPES = YES;
				CLANG_WARN_SUSPICIOUS_MOVE = YES;
				CLANG_WARN_UNGUARDED_AVAILABILITY = YES_AGGRESSIVE;
				CLANG_WARN_UNREACHABLE_CODE = YES;
				CLANG_WARN__DUPLICATE_METHOD_MATCH = YES;
				COPY_PHASE_STRIP = NO;
				DEBUG_INFORMATION_FORMAT = dwarf;
				ENABLE_STRICT_OBJC_MSGSEND = YES;
				ENABLE_TESTABILITY = YES;
				GCC_C_LANGUAGE_STANDARD = gnu11;
				GCC_DYNAMIC_NO_PIC = NO;
				GCC_NO_COMMON_BLOCKS = YES;
				GCC_OPTIMIZATION_LEVEL = 0;
				GCC_PREPROCESSOR_DEFINITIONS = (
					"DEBUG=1",
					"$(inherited)",
				);
				GCC_WARN_64_TO_32_BIT_CONVERSION = YES;
				GCC_WARN_ABOUT_RETURN_TYPE = YES_ERROR;
				GCC_WARN_UNDECLARED_SELECTOR = YES;
				GCC_WARN_UNINITIALIZED_AUTOS = YES_AGGRESSIVE;
				GCC_WARN_UNUSED_FUNCTION = YES;
				GCC_WARN_UNUSED_VARIABLE = YES;
				IPHONEOS_DEPLOYMENT_TARGET = 15.0;
				MTL_ENABLE_DEBUG_INFO = INCLUDE_SOURCE;
				MTL_FAST_MATH = YES;
				ONLY_ACTIVE_ARCH = YES;
				SDKROOT = iphoneos;
				SWIFT_ACTIVE_COMPILATION_CONDITIONS = DEBUG;
				SWIFT_OPTIMIZATION_LEVEL = "-Onone";
			};
			name = Debug;
		};
		1A642BF127C126F600151F85 /* Release */ = {
			isa = XCBuildConfiguration;
			buildSettings = {
				ALWAYS_SEARCH_USER_PATHS = NO;
				CLANG_ANALYZER_NONNULL = YES;
				CLANG_ANALYZER_NUMBER_OBJECT_CONVERSION = YES_AGGRESSIVE;
				CLANG_CXX_LANGUAGE_STANDARD = "gnu++17";
				CLANG_CXX_LIBRARY = "libc++";
				CLANG_ENABLE_MODULES = YES;
				CLANG_ENABLE_OBJC_ARC = YES;
				CLANG_ENABLE_OBJC_WEAK = YES;
				CLANG_WARN_BLOCK_CAPTURE_AUTORELEASING = YES;
				CLANG_WARN_BOOL_CONVERSION = YES;
				CLANG_WARN_COMMA = YES;
				CLANG_WARN_CONSTANT_CONVERSION = YES;
				CLANG_WARN_DEPRECATED_OBJC_IMPLEMENTATIONS = YES;
				CLANG_WARN_DIRECT_OBJC_ISA_USAGE = YES_ERROR;
				CLANG_WARN_DOCUMENTATION_COMMENTS = YES;
				CLANG_WARN_EMPTY_BODY = YES;
				CLANG_WARN_ENUM_CONVERSION = YES;
				CLANG_WARN_INFINITE_RECURSION = YES;
				CLANG_WARN_INT_CONVERSION = YES;
				CLANG_WARN_NON_LITERAL_NULL_CONVERSION = YES;
				CLANG_WARN_OBJC_IMPLICIT_RETAIN_SELF = YES;
				CLANG_WARN_OBJC_LITERAL_CONVERSION = YES;
				CLANG_WARN_OBJC_ROOT_CLASS = YES_ERROR;
				CLANG_WARN_QUOTED_INCLUDE_IN_FRAMEWORK_HEADER = YES;
				CLANG_WARN_RANGE_LOOP_ANALYSIS = YES;
				CLANG_WARN_STRICT_PROTOTYPES = YES;
				CLANG_WARN_SUSPICIOUS_MOVE = YES;
				CLANG_WARN_UNGUARDED_AVAILABILITY = YES_AGGRESSIVE;
				CLANG_WARN_UNREACHABLE_CODE = YES;
				CLANG_WARN__DUPLICATE_METHOD_MATCH = YES;
				COPY_PHASE_STRIP = NO;
				DEBUG_INFORMATION_FORMAT = "dwarf-with-dsym";
				ENABLE_NS_ASSERTIONS = NO;
				ENABLE_STRICT_OBJC_MSGSEND = YES;
				GCC_C_LANGUAGE_STANDARD = gnu11;
				GCC_NO_COMMON_BLOCKS = YES;
				GCC_WARN_64_TO_32_BIT_CONVERSION = YES;
				GCC_WARN_ABOUT_RETURN_TYPE = YES_ERROR;
				GCC_WARN_UNDECLARED_SELECTOR = YES;
				GCC_WARN_UNINITIALIZED_AUTOS = YES_AGGRESSIVE;
				GCC_WARN_UNUSED_FUNCTION = YES;
				GCC_WARN_UNUSED_VARIABLE = YES;
				IPHONEOS_DEPLOYMENT_TARGET = 15.0;
				MTL_ENABLE_DEBUG_INFO = NO;
				MTL_FAST_MATH = YES;
				SDKROOT = iphoneos;
				SWIFT_COMPILATION_MODE = wholemodule;
				SWIFT_OPTIMIZATION_LEVEL = "-O";
				VALIDATE_PRODUCT = YES;
			};
			name = Release;
		};
		1A642BF327C126F600151F85 /* Debug */ = {
			isa = XCBuildConfiguration;
			baseConfigurationReference = 7D298F39BC028C6446FC8C18 /* Pods-Fooder.debug.xcconfig */;
			buildSettings = {
				ASSETCATALOG_COMPILER_APPICON_NAME = AppIcon;
				ASSETCATALOG_COMPILER_GLOBAL_ACCENT_COLOR_NAME = AccentColor;
				CODE_SIGN_STYLE = Automatic;
				CURRENT_PROJECT_VERSION = 1;
				DEVELOPMENT_TEAM = 6DXT245L5T;
				GENERATE_INFOPLIST_FILE = YES;
				INFOPLIST_FILE = Fooder/Info.plist;
				INFOPLIST_KEY_UIApplicationSupportsIndirectInputEvents = YES;
				INFOPLIST_KEY_UILaunchStoryboardName = LaunchScreen;
				INFOPLIST_KEY_UIMainStoryboardFile = Main;
				INFOPLIST_KEY_UISupportedInterfaceOrientations_iPad = "UIInterfaceOrientationPortrait UIInterfaceOrientationPortraitUpsideDown UIInterfaceOrientationLandscapeLeft UIInterfaceOrientationLandscapeRight";
				INFOPLIST_KEY_UISupportedInterfaceOrientations_iPhone = "UIInterfaceOrientationPortrait UIInterfaceOrientationLandscapeLeft UIInterfaceOrientationLandscapeRight";
				LD_RUNPATH_SEARCH_PATHS = (
					"$(inherited)",
					"@executable_path/Frameworks",
				);
				MARKETING_VERSION = 1.0;
				PRODUCT_BUNDLE_IDENTIFIER = konkuk.jhpark.Fooder;
				PRODUCT_NAME = "$(TARGET_NAME)";
				SWIFT_EMIT_LOC_STRINGS = YES;
				SWIFT_VERSION = 5.0;
				TARGETED_DEVICE_FAMILY = "1,2";
			};
			name = Debug;
		};
		1A642BF427C126F600151F85 /* Release */ = {
			isa = XCBuildConfiguration;
			baseConfigurationReference = BBA8871A0A4F7F46B94BD68A /* Pods-Fooder.release.xcconfig */;
			buildSettings = {
				ASSETCATALOG_COMPILER_APPICON_NAME = AppIcon;
				ASSETCATALOG_COMPILER_GLOBAL_ACCENT_COLOR_NAME = AccentColor;
				CODE_SIGN_STYLE = Automatic;
				CURRENT_PROJECT_VERSION = 1;
				DEVELOPMENT_TEAM = 6DXT245L5T;
				GENERATE_INFOPLIST_FILE = YES;
				INFOPLIST_FILE = Fooder/Info.plist;
				INFOPLIST_KEY_UIApplicationSupportsIndirectInputEvents = YES;
				INFOPLIST_KEY_UILaunchStoryboardName = LaunchScreen;
				INFOPLIST_KEY_UIMainStoryboardFile = Main;
				INFOPLIST_KEY_UISupportedInterfaceOrientations_iPad = "UIInterfaceOrientationPortrait UIInterfaceOrientationPortraitUpsideDown UIInterfaceOrientationLandscapeLeft UIInterfaceOrientationLandscapeRight";
				INFOPLIST_KEY_UISupportedInterfaceOrientations_iPhone = "UIInterfaceOrientationPortrait UIInterfaceOrientationLandscapeLeft UIInterfaceOrientationLandscapeRight";
				LD_RUNPATH_SEARCH_PATHS = (
					"$(inherited)",
					"@executable_path/Frameworks",
				);
				MARKETING_VERSION = 1.0;
				PRODUCT_BUNDLE_IDENTIFIER = konkuk.jhpark.Fooder;
				PRODUCT_NAME = "$(TARGET_NAME)";
				SWIFT_EMIT_LOC_STRINGS = YES;
				SWIFT_VERSION = 5.0;
				TARGETED_DEVICE_FAMILY = "1,2";
			};
			name = Release;
		};
/* End XCBuildConfiguration section */

/* Begin XCConfigurationList section */
		1A642BD927C126F000151F85 /* Build configuration list for PBXProject "Fooder" */ = {
			isa = XCConfigurationList;
			buildConfigurations = (
				1A642BF027C126F600151F85 /* Debug */,
				1A642BF127C126F600151F85 /* Release */,
			);
			defaultConfigurationIsVisible = 0;
			defaultConfigurationName = Release;
		};
		1A642BF227C126F600151F85 /* Build configuration list for PBXNativeTarget "Fooder" */ = {
			isa = XCConfigurationList;
			buildConfigurations = (
				1A642BF327C126F600151F85 /* Debug */,
				1A642BF427C126F600151F85 /* Release */,
			);
			defaultConfigurationIsVisible = 0;
			defaultConfigurationName = Release;
		};
/* End XCConfigurationList section */
	};
	rootObject = 1A642BD627C126F000151F85 /* Project object */;
}
